
Microsoft Visual Studio Solution File, Format Version 12.00
# Visual Studio Version 17
VisualStudioVersion = 17.12.35707.178
MinimumVisualStudioVersion = 10.0.40219.1
Project("{FAE04EC0-301F-11D3-BF4B-00C04F79EFBC}") = "PublisherDomain", "PublisherDomain\PublisherDomain.csproj", "{ED7E12C9-8AF1-456D-8D96-7F0A3B8F2849}"
EndProject
Project("{FAE04EC0-301F-11D3-BF4B-00C04F79EFBC}") = "EFCore8.Course.Console", "EFCore8.Course.Console\EFCore8.Course.Console.csproj", "{2A9F4666-4FC0-4B2A-A8BF-44956FE0841A}"
EndProject
Project("{FAE04EC0-301F-11D3-BF4B-00C04F79EFBC}") = "PublisherData", "PublisherData\PublisherData.csproj", "{8377D3EA-970E-4D97-A1B8-BEDD2913441C}"
EndProject
Global
	GlobalSection(SolutionConfigurationPlatforms) = preSolution
		Debug|Any CPU = Debug|Any CPU
		Release|Any CPU = Release|Any CPU
	EndGlobalSection
	GlobalSection(ProjectConfigurationPlatforms) = postSolution
		{ED7E12C9-8AF1-456D-8D96-7F0A3B8F2849}.Debug|Any CPU.ActiveCfg = Debug|Any CPU
		{ED7E12C9-8AF1-456D-8D96-7F0A3B8F2849}.Debug|Any CPU.Build.0 = Debug|Any CPU
		{ED7E12C9-8AF1-456D-8D96-7F0A3B8F2849}.Release|Any CPU.ActiveCfg = Release|Any CPU
		{ED7E12C9-8AF1-456D-8D96-7F0A3B8F2849}.Release|Any CPU.Build.0 = Release|Any CPU
		{2A9F4666-4FC0-4B2A-A8BF-44956FE0841A}.Debug|Any CPU.ActiveCfg = Debug|Any CPU
		{2A9F4666-4FC0-4B2A-A8BF-44956FE0841A}.Debug|Any CPU.Build.0 = Debug|Any CPU
		{2A9F4666-4FC0-4B2A-A8BF-44956FE0841A}.Release|Any CPU.ActiveCfg = Release|Any CPU
		{2A9F4666-4FC0-4B2A-A8BF-44956FE0841A}.Release|Any CPU.Build.0 = Release|Any CPU
		{8377D3EA-970E-4D97-A1B8-BEDD2913441C}.Debug|Any CPU.ActiveCfg = Debug|Any CPU
		{8377D3EA-970E-4D97-A1B8-BEDD2913441C}.Debug|Any CPU.Build.0 = Debug|Any CPU
		{8377D3EA-970E-4D97-A1B8-BEDD2913441C}.Release|Any CPU.ActiveCfg = Release|Any CPU
		{8377D3EA-970E-4D97-A1B8-BEDD2913441C}.Release|Any CPU.Build.0 = Release|Any CPU
	EndGlobalSection
	GlobalSection(SolutionProperties) = preSolution
		HideSolutionNode = FALSE
	EndGlobalSection
EndGlobal
